
Microsoft Visual Studio Solution File, Format Version 12.00
Project("{FAE04EC0-301F-11D3-BF4B-00C04F79EFBC}") = "BLL", "BLL\BLL.csproj", "{4D10B06E-CFB4-4266-9886-95F5D2F3C8D3}"
EndProject
Project("{FAE04EC0-301F-11D3-BF4B-00C04F79EFBC}") = "WebApp", "WebApp\WebApp.csproj", "{8BEE74DE-C9B8-4CA0-BECD-E8C2602225CC}"
EndProject
Project("{FAE04EC0-301F-11D3-BF4B-00C04F79EFBC}") = "DAL", "DAL\DAL.csproj", "{2D98394E-4350-4CFB-B232-6BE16D4469B2}"
EndProject
Global
	GlobalSection(SolutionConfigurationPlatforms) = preSolution
		Debug|Any CPU = Debug|Any CPU
		Release|Any CPU = Release|Any CPU
	EndGlobalSection
	GlobalSection(ProjectConfigurationPlatforms) = postSolution
		{4D10B06E-CFB4-4266-9886-95F5D2F3C8D3}.Debug|Any CPU.ActiveCfg = Debug|Any CPU
		{4D10B06E-CFB4-4266-9886-95F5D2F3C8D3}.Debug|Any CPU.Build.0 = Debug|Any CPU
		{4D10B06E-CFB4-4266-9886-95F5D2F3C8D3}.Release|Any CPU.ActiveCfg = Release|Any CPU
		{4D10B06E-CFB4-4266-9886-95F5D2F3C8D3}.Release|Any CPU.Build.0 = Release|Any CPU
		{8BEE74DE-C9B8-4CA0-BECD-E8C2602225CC}.Debug|Any CPU.ActiveCfg = Debug|Any CPU
		{8BEE74DE-C9B8-4CA0-BECD-E8C2602225CC}.Debug|Any CPU.Build.0 = Debug|Any CPU
		{8BEE74DE-C9B8-4CA0-BECD-E8C2602225CC}.Release|Any CPU.ActiveCfg = Release|Any CPU
		{8BEE74DE-C9B8-4CA0-BECD-E8C2602225CC}.Release|Any CPU.Build.0 = Release|Any CPU
		{2D98394E-4350-4CFB-B232-6BE16D4469B2}.Debug|Any CPU.ActiveCfg = Debug|Any CPU
		{2D98394E-4350-4CFB-B232-6BE16D4469B2}.Debug|Any CPU.Build.0 = Debug|Any CPU
		{2D98394E-4350-4CFB-B232-6BE16D4469B2}.Release|Any CPU.ActiveCfg = Release|Any CPU
		{2D98394E-4350-4CFB-B232-6BE16D4469B2}.Release|Any CPU.Build.0 = Release|Any CPU
	EndGlobalSection
EndGlobal
